
Microsoft Visual Studio Solution File, Format Version 12.00
# Visual Studio Version 17
VisualStudioVersion = 17.0.31903.59
MinimumVisualStudioVersion = 10.0.40219.1
Project("{9A19103F-16F7-4668-BE54-9A1E7A4F7556}") = "API", "API\API.csproj", "{9A8D8774-D114-4931-B95D-BC8450F59641}"
EndProject
Project("{9A19103F-16F7-4668-BE54-9A1E7A4F7556}") = "Application", "Application\Application.csproj", "{BEA9893B-B573-4B34-86EE-20DA5CFA980A}"
EndProject
Project("{9A19103F-16F7-4668-BE54-9A1E7A4F7556}") = "Domain", "Domain\Domain.csproj", "{EF9023D8-91EE-4A4C-B123-3FC84E249F76}"
EndProject
Project("{9A19103F-16F7-4668-BE54-9A1E7A4F7556}") = "Persistence", "Persistence\Persistence.csproj", "{A0883F20-7359-4457-B9CC-907C24586745}"
EndProject
Project("{E24C65DC-7377-472B-9ABA-BC803B73C61A}") = "client-app", "client-app\", "{6E20B223-9651-405B-8A4B-5FF9A026B726}"
	ProjectSection(WebsiteProperties) = preProject
		TargetFrameworkMoniker = ".NETFramework,Version%3Dv4.8"
		Debug.AspNetCompiler.VirtualPath = "/localhost_64779"
		Debug.AspNetCompiler.PhysicalPath = "client-app\"
		Debug.AspNetCompiler.TargetPath = "PrecompiledWeb\localhost_64779\"
		Debug.AspNetCompiler.Updateable = "true"
		Debug.AspNetCompiler.ForceOverwrite = "true"
		Debug.AspNetCompiler.FixedNames = "false"
		Debug.AspNetCompiler.Debug = "True"
		Release.AspNetCompiler.VirtualPath = "/localhost_64779"
		Release.AspNetCompiler.PhysicalPath = "client-app\"
		Release.AspNetCompiler.TargetPath = "PrecompiledWeb\localhost_64779\"
		Release.AspNetCompiler.Updateable = "true"
		Release.AspNetCompiler.ForceOverwrite = "true"
		Release.AspNetCompiler.FixedNames = "false"
		Release.AspNetCompiler.Debug = "False"
		VWDPort = "64779"
		SlnRelativePath = "client-app\"
	EndProjectSection
EndProject
Global
	GlobalSection(SolutionConfigurationPlatforms) = preSolution
		Debug|Any CPU = Debug|Any CPU
		Release|Any CPU = Release|Any CPU
	EndGlobalSection
	GlobalSection(ProjectConfigurationPlatforms) = postSolution
		{9A8D8774-D114-4931-B95D-BC8450F59641}.Debug|Any CPU.ActiveCfg = Debug|Any CPU
		{9A8D8774-D114-4931-B95D-BC8450F59641}.Debug|Any CPU.Build.0 = Debug|Any CPU
		{9A8D8774-D114-4931-B95D-BC8450F59641}.Release|Any CPU.ActiveCfg = Release|Any CPU
		{9A8D8774-D114-4931-B95D-BC8450F59641}.Release|Any CPU.Build.0 = Release|Any CPU
		{BEA9893B-B573-4B34-86EE-20DA5CFA980A}.Debug|Any CPU.ActiveCfg = Debug|Any CPU
		{BEA9893B-B573-4B34-86EE-20DA5CFA980A}.Debug|Any CPU.Build.0 = Debug|Any CPU
		{BEA9893B-B573-4B34-86EE-20DA5CFA980A}.Release|Any CPU.ActiveCfg = Release|Any CPU
		{BEA9893B-B573-4B34-86EE-20DA5CFA980A}.Release|Any CPU.Build.0 = Release|Any CPU
		{EF9023D8-91EE-4A4C-B123-3FC84E249F76}.Debug|Any CPU.ActiveCfg = Debug|Any CPU
		{EF9023D8-91EE-4A4C-B123-3FC84E249F76}.Debug|Any CPU.Build.0 = Debug|Any CPU
		{EF9023D8-91EE-4A4C-B123-3FC84E249F76}.Release|Any CPU.ActiveCfg = Release|Any CPU
		{EF9023D8-91EE-4A4C-B123-3FC84E249F76}.Release|Any CPU.Build.0 = Release|Any CPU
		{A0883F20-7359-4457-B9CC-907C24586745}.Debug|Any CPU.ActiveCfg = Debug|Any CPU
		{A0883F20-7359-4457-B9CC-907C24586745}.Debug|Any CPU.Build.0 = Debug|Any CPU
		{A0883F20-7359-4457-B9CC-907C24586745}.Release|Any CPU.ActiveCfg = Release|Any CPU
		{A0883F20-7359-4457-B9CC-907C24586745}.Release|Any CPU.Build.0 = Release|Any CPU
		{6E20B223-9651-405B-8A4B-5FF9A026B726}.Debug|Any CPU.ActiveCfg = Debug|Any CPU
		{6E20B223-9651-405B-8A4B-5FF9A026B726}.Debug|Any CPU.Build.0 = Debug|Any CPU
		{6E20B223-9651-405B-8A4B-5FF9A026B726}.Release|Any CPU.ActiveCfg = Debug|Any CPU
		{6E20B223-9651-405B-8A4B-5FF9A026B726}.Release|Any CPU.Build.0 = Debug|Any CPU
	EndGlobalSection
	GlobalSection(SolutionProperties) = preSolution
		HideSolutionNode = FALSE
	EndGlobalSection
	GlobalSection(ExtensibilityGlobals) = postSolution
		SolutionGuid = {980905DC-7AC1-47DF-AB2A-AAE8031FA535}
	EndGlobalSection
EndGlobal
